<?xml version="1.0" encoding="utf-8"?>
<Project ToolsVersion="4.0" xmlns="http://schemas.microsoft.com/developer/msbuild/2003">
  <ItemGroup>
    <Filter Include="Source Files">
      <UniqueIdentifier>{4FC737F1-C7A5-4376-A066-2A32D752A2FF}</UniqueIdentifier>
      <Extensions>cpp;c;cc;cxx;def;odl;idl;hpj;bat;asm;asmx</Extensions>
    </Filter>
    <Filter Include="Header Files">
      <UniqueIdentifier>{93995380-89BD-4b04-88EB-625FBE52EBFB}</UniqueIdentifier>
      <Extensions>h;hh;hpp;hxx;hm;inl;inc;xsd</Extensions>
    </Filter>
    <Filter Include="Resource Files">
      <UniqueIdentifier>{67DA6AB6-F800-4c08-8B7A-83BB121AAD01}</UniqueIdentifier>
      <Extensions>rc;ico;cur;bmp;dlg;rc2;rct;bin;rgs;gif;jpg;jpeg;jpe;resx;tiff;tif;png;wav;mfcribbon-ms</Extensions>
    </Filter>
  </ItemGroup>
  <ItemGroup>
    <ClInclude Include="Headers\Animation.h">
      <Filter>Header Files</Filter>
    </ClInclude>
    <ClInclude Include="Headers\Camera.h">
      <Filter>Header Files</Filter>
    </ClInclude>
    <ClInclude Include="Headers\Globals.h">
      <Filter>Header Files</Filter>
    </ClInclude>
    <ClInclude Include="Headers\Light.h">
      <Filter>Header Files</Filter>
    </ClInclude>
    <ClInclude Include="Headers\Material.h">
      <Filter>Header Files</Filter>
    </ClInclude>
    <ClInclude Include="Headers\RenderWindow.h">
      <Filter>Header Files</Filter>
    </ClInclude>
    <ClInclude Include="Headers\SceneRenderer.h">
      <Filter>Header Files</Filter>
    </ClInclude>
    <ClInclude Include="Headers\Shader.h">
      <Filter>Header Files</Filter>
    </ClInclude>
    <ClInclude Include="Headers\Viewport.h">
      <Filter>Header Files</Filter>
    </ClInclude>
    <ClInclude Include="Headers\WorldManager.h">
      <Filter>Header Files</Filter>
    </ClInclude>
    <ClInclude Include="Headers\Primitives\Cube.h">
      <Filter>Header Files</Filter>
    </ClInclude>
    <ClInclude Include="Headers\Primitives\Mesh.h">
      <Filter>Header Files</Filter>
    </ClInclude>
    <ClInclude Include="Headers\Primitives\RectangleMesh.h">
      <Filter>Header Files</Filter>
    </ClInclude>
    <ClInclude Include="Headers\Scene Graph\AttacheableObject.h">
      <Filter>Header Files</Filter>
    </ClInclude>
    <ClInclude Include="Headers\Scene Graph\Entity.h">
      <Filter>Header Files</Filter>
    </ClInclude>
    <ClInclude Include="Headers\Scene Graph\SceneManager.h">
      <Filter>Header Files</Filter>
    </ClInclude>
    <ClInclude Include="Headers\Scene Graph\SceneNode.h">
      <Filter>Header Files</Filter>
    </ClInclude>
  </ItemGroup>
  <ItemGroup>
    <ClCompile Include="Source\Animation.cpp">
      <Filter>Source Files</Filter>
    </ClCompile>
    <ClCompile Include="Source\Globals.cpp">
      <Filter>Source Files</Filter>
    </ClCompile>
    <ClCompile Include="Source\Light.cpp">
      <Filter>Source Files</Filter>
    </ClCompile>
    <ClCompile Include="Source\main.cpp">
      <Filter>Source Files</Filter>
    </ClCompile>
    <ClCompile Include="Source\Material.cpp">
      <Filter>Source Files</Filter>
    </ClCompile>
    <ClCompile Include="Source\RenderWindow.cpp">
      <Filter>Source Files</Filter>
    </ClCompile>
    <ClCompile Include="Source\Viewport.cpp">
      <Filter>Source Files</Filter>
    </ClCompile>
    <ClCompile Include="Source\Scene Graph\AttacheableObject.cpp">
      <Filter>Source Files</Filter>
    </ClCompile>
    <ClCompile Include="Source\Scene Graph\Entity.cpp">
      <Filter>Source Files</Filter>
    </ClCompile>
    <ClCompile Include="Source\Scene Graph\SceneManager.cpp">
      <Filter>Source Files</Filter>
    </ClCompile>
    <ClCompile Include="Source\Scene Graph\SceneNode.cpp">
      <Filter>Source Files</Filter>
    </ClCompile>
    <ClCompile Include="Source\Primitives\Cube.cpp">
      <Filter>Source Files</Filter>
    </ClCompile>
    <ClCompile Include="Source\Primitives\Mesh.cpp">
      <Filter>Source Files</Filter>
    </ClCompile>
    <ClCompile Include="Source\Primitives\RectangleMesh.cpp">
      <Filter>Source Files</Filter>
    </ClCompile>
  </ItemGroup>
  <ItemGroup>
    <Image Include="Resources\Textures\152.png">
      <Filter>Resource Files</Filter>
    </Image>
    <Image Include="Resources\Textures\152_norm.png">
      <Filter>Resource Files</Filter>
    </Image>
    <Image Include="Resources\Textures\154.jpg">
      <Filter>Resource Files</Filter>
    </Image>
    <Image Include="Resources\Textures\154_norm.jpg">
      <Filter>Resource Files</Filter>
    </Image>
    <Image Include="Resources\Textures\156_norm.png">
      <Filter>Resource Files</Filter>
    </Image>
    <Image Include="Resources\Textures\178.png">
      <Filter>Resource Files</Filter>
    </Image>
    <Image Include="Resources\Textures\178_norm.png">
      <Filter>Resource Files</Filter>
    </Image>
    <Image Include="Resources\Textures\180.png">
      <Filter>Resource Files</Filter>
    </Image>
    <Image Include="Resources\Textures\180_norm.png">
      <Filter>Resource Files</Filter>
    </Image>
    <Image Include="Resources\Textures\181.png">
      <Filter>Resource Files</Filter>
    </Image>
    <Image Include="Resources\Textures\181_norm.png">
      <Filter>Resource Files</Filter>
    </Image>
    <Image Include="Resources\Textures\185.JPG">
      <Filter>Resource Files</Filter>
    </Image>
    <Image Include="Resources\Textures\185_norm.JPG">
      <Filter>Resource Files</Filter>
    </Image>
    <Image Include="Resources\Textures\186.png">
      <Filter>Resource Files</Filter>
    </Image>
    <Image Include="Resources\Textures\186_norm.png">
      <Filter>Resource Files</Filter>
    </Image>
    <Image Include="Resources\Textures\196.png">
      <Filter>Resource Files</Filter>
    </Image>
    <Image Include="Resources\Textures\196_norm.png">
      <Filter>Resource Files</Filter>
    </Image>
    <Image Include="Resources\Textures\black.png">
      <Filter>Resource Files</Filter>
    </Image>
    <Image Include="Resources\Textures\container2.png">
      <Filter>Resource Files</Filter>
    </Image>
    <Image Include="Resources\Textures\container2_specular.png">
      <Filter>Resource Files</Filter>
    </Image>
    <Image Include="Resources\Textures\negx.jpg">
      <Filter>Resource Files</Filter>
    </Image>
    <Image Include="Resources\Textures\negy.jpg">
      <Filter>Resource Files</Filter>
    </Image>
    <Image Include="Resources\Textures\negz.jpg">
      <Filter>Resource Files</Filter>
    </Image>
    <Image Include="Resources\Textures\posx.jpg">
      <Filter>Resource Files</Filter>
    </Image>
    <Image Include="Resources\Textures\posy.jpg">
      <Filter>Resource Files</Filter>
    </Image>
    <Image Include="Resources\Textures\posz.jpg">
      <Filter>Resource Files</Filter>
    </Image>
    <Image Include="Resources\Models\Fence\tex\fence_alpha.png">
      <Filter>Resource Files</Filter>
    </Image>
    <Image Include="Resources\Models\Fence\tex\fence_composite01.png">
      <Filter>Resource Files</Filter>
    </Image>
    <Image Include="Resources\Models\Fence\tex\fence_sheet02.png">
      <Filter>Resource Files</Filter>
    </Image>
    <Image Include="Resources\Models\Fence\tex\fence_sheet02_n.png">
      <Filter>Resource Files</Filter>
    </Image>
  </ItemGroup>
  <ItemGroup>
    <Media Include="Resources\Sounds\helicopter.mp3" />
    <Media Include="Resources\Sounds\unreal.mp3" />
  </ItemGroup>
  <ItemGroup>
    <None Include="Resources\Shaders\blur.frag" />
    <None Include="Resources\Shaders\blur.vs" />
    <None Include="Resources\Shaders\defaultShader.frag" />
    <None Include="Resources\Shaders\defaultShader.vs" />
    <None Include="Resources\Shaders\lightFragShader.frag" />
    <None Include="Resources\Shaders\lightVertShader.vs" />
    <None Include="Resources\Shaders\omniShadowShader.frag" />
    <None Include="Resources\Shaders\omniShadowShader.gs" />
    <None Include="Resources\Shaders\omniShadowShader.vs" />
    <None Include="Resources\Shaders\reflection.frag" />
    <None Include="Resources\Shaders\reflection.vs" />
    <None Include="Resources\Shaders\screen.frag" />
    <None Include="Resources\Shaders\screen.vs" />
    <None Include="Resources\Shaders\shadowShader.frag" />
    <None Include="Resources\Shaders\shadowShader.vs" />
    <None Include="Resources\Shaders\SimpleShader.frag" />
    <None Include="Resources\Shaders\SimpleShader.vs" />
  </ItemGroup>
</Project>